
Microsoft Visual Studio Solution File, Format Version 12.00
# Visual Studio Version 16
VisualStudioVersion = 16.0.30907.101
MinimumVisualStudioVersion = 10.0.40219.1
Project("{FAE04EC0-301F-11D3-BF4B-00C04F79EFBC}") = "EmailSenderTest", "EmailSenderTest\EmailSenderTest.csproj", "{67BFEC8F-5491-4AB5-838C-43AC3D692BE2}"
EndProject
Global
	GlobalSection(SolutionConfigurationPlatforms) = preSolution
		Debug|Any CPU = Debug|Any CPU
		Release|Any CPU = Release|Any CPU
	EndGlobalSection
	GlobalSection(ProjectConfigurationPlatforms) = postSolution
		{67BFEC8F-5491-4AB5-838C-43AC3D692BE2}.Debug|Any CPU.ActiveCfg = Debug|Any CPU
		{67BFEC8F-5491-4AB5-838C-43AC3D692BE2}.Debug|Any CPU.Build.0 = Debug|Any CPU
		{67BFEC8F-5491-4AB5-838C-43AC3D692BE2}.Release|Any CPU.ActiveCfg = Release|Any CPU
		{67BFEC8F-5491-4AB5-838C-43AC3D692BE2}.Release|Any CPU.Build.0 = Release|Any CPU
	EndGlobalSection
	GlobalSection(SolutionProperties) = preSolution
		HideSolutionNode = FALSE
	EndGlobalSection
	GlobalSection(ExtensibilityGlobals) = postSolution
		SolutionGuid = {903637B2-6829-447A-9F85-917870D6A5F4}
	EndGlobalSection
EndGlobal
